// !$*UTF8*$!
{
	archiveVersion = 1;
	classes = {
	};
	objectVersion = 55;
	objects = {

/* Begin PBXBuildFile section */
		85E8BFC727B27F6A00BB0B3C /* MyGroceryListApp.swift in Sources */ = {isa = PBXBuildFile; fileRef = 85E8BFC627B27F6A00BB0B3C /* MyGroceryListApp.swift */; };
		85E8BFC927B27F6A00BB0B3C /* ContentView.swift in Sources */ = {isa = PBXBuildFile; fileRef = 85E8BFC827B27F6A00BB0B3C /* ContentView.swift */; };
		85E8BFCB27B27F6D00BB0B3C /* Assets.xcassets in Resources */ = {isa = PBXBuildFile; fileRef = 85E8BFCA27B27F6D00BB0B3C /* Assets.xcassets */; };
		85E8BFCE27B27F6D00BB0B3C /* Preview Assets.xcassets in Resources */ = {isa = PBXBuildFile; fileRef = 85E8BFCD27B27F6D00BB0B3C /* Preview Assets.xcassets */; };
		85E8BFD827B27F6D00BB0B3C /* MyGroceryListTests.swift in Sources */ = {isa = PBXBuildFile; fileRef = 85E8BFD727B27F6D00BB0B3C /* MyGroceryListTests.swift */; };
		85E8BFE227B27F6D00BB0B3C /* MyGroceryListUITests.swift in Sources */ = {isa = PBXBuildFile; fileRef = 85E8BFE127B27F6D00BB0B3C /* MyGroceryListUITests.swift */; };
		85E8BFE427B27F6D00BB0B3C /* MyGroceryListUITestsLaunchTests.swift in Sources */ = {isa = PBXBuildFile; fileRef = 85E8BFE327B27F6D00BB0B3C /* MyGroceryListUITestsLaunchTests.swift */; };
		85E8BFF127B28CFE00BB0B3C /* AddView.swift in Sources */ = {isa = PBXBuildFile; fileRef = 85E8BFF027B28CFD00BB0B3C /* AddView.swift */; };
		85E8BFF327B2BD3600BB0B3C /* DetailsView.swift in Sources */ = {isa = PBXBuildFile; fileRef = 85E8BFF227B2BD3600BB0B3C /* DetailsView.swift */; };
		85E8BFF527B3B5A700BB0B3C /* Grocery.swift in Sources */ = {isa = PBXBuildFile; fileRef = 85E8BFF427B3B5A700BB0B3C /* Grocery.swift */; };
		85E8BFF727B3D64F00BB0B3C /* ItemStore.swift in Sources */ = {isa = PBXBuildFile; fileRef = 85E8BFF627B3D64F00BB0B3C /* ItemStore.swift */; };
		85E8C03227B5133300BB0B3C /* GroceryModel.xcdatamodeld in Sources */ = {isa = PBXBuildFile; fileRef = 85E8C03027B5133300BB0B3C /* GroceryModel.xcdatamodeld */; };
		85E8C03427B5138200BB0B3C /* Persistence.swift in Sources */ = {isa = PBXBuildFile; fileRef = 85E8C03327B5138200BB0B3C /* Persistence.swift */; };
/* End PBXBuildFile section */

/* Begin PBXContainerItemProxy section */
		85E8BFD427B27F6D00BB0B3C /* PBXContainerItemProxy */ = {
			isa = PBXContainerItemProxy;
			containerPortal = 85E8BFBB27B27F6A00BB0B3C /* Project object */;
			proxyType = 1;
			remoteGlobalIDString = 85E8BFC227B27F6A00BB0B3C;
			remoteInfo = MyGroceryList;
		};
		85E8BFDE27B27F6D00BB0B3C /* PBXContainerItemProxy */ = {
			isa = PBXContainerItemProxy;
			containerPortal = 85E8BFBB27B27F6A00BB0B3C /* Project object */;
			proxyType = 1;
			remoteGlobalIDString = 85E8BFC227B27F6A00BB0B3C;
			remoteInfo = MyGroceryList;
		};
/* End PBXContainerItemProxy section */

/* Begin PBXFileReference section */
		85E8BFC327B27F6A00BB0B3C /* MyGroceryList.app */ = {isa = PBXFileReference; explicitFileType = wrapper.application; includeInIndex = 0; path = MyGroceryList.app; sourceTree = BUILT_PRODUCTS_DIR; };
		85E8BFC627B27F6A00BB0B3C /* MyGroceryListApp.swift */ = {isa = PBXFileReference; lastKnownFileType = sourcecode.swift; path = MyGroceryListApp.swift; sourceTree = "<group>"; };
		85E8BFC827B27F6A00BB0B3C /* ContentView.swift */ = {isa = PBXFileReference; lastKnownFileType = sourcecode.swift; path = ContentView.swift; sourceTree = "<group>"; };
		85E8BFCA27B27F6D00BB0B3C /* Assets.xcassets */ = {isa = PBXFileReference; lastKnownFileType = folder.assetcatalog; path = Assets.xcassets; sourceTree = "<group>"; };
		85E8BFCD27B27F6D00BB0B3C /* Preview Assets.xcassets */ = {isa = PBXFileReference; lastKnownFileType = folder.assetcatalog; path = "Preview Assets.xcassets"; sourceTree = "<group>"; };
		85E8BFD327B27F6D00BB0B3C /* MyGroceryListTests.xctest */ = {isa = PBXFileReference; explicitFileType = wrapper.cfbundle; includeInIndex = 0; path = MyGroceryListTests.xctest; sourceTree = BUILT_PRODUCTS_DIR; };
		85E8BFD727B27F6D00BB0B3C /* MyGroceryListTests.swift */ = {isa = PBXFileReference; lastKnownFileType = sourcecode.swift; path = MyGroceryListTests.swift; sourceTree = "<group>"; };
		85E8BFDD27B27F6D00BB0B3C /* MyGroceryListUITests.xctest */ = {isa = PBXFileReference; explicitFileType = wrapper.cfbundle; includeInIndex = 0; path = MyGroceryListUITests.xctest; sourceTree = BUILT_PRODUCTS_DIR; };
		85E8BFE127B27F6D00BB0B3C /* MyGroceryListUITests.swift */ = {isa = PBXFileReference; lastKnownFileType = sourcecode.swift; path = MyGroceryListUITests.swift; sourceTree = "<group>"; };
		85E8BFE327B27F6D00BB0B3C /* MyGroceryListUITestsLaunchTests.swift */ = {isa = PBXFileReference; lastKnownFileType = sourcecode.swift; path = MyGroceryListUITestsLaunchTests.swift; sourceTree = "<group>"; };
		85E8BFF027B28CFD00BB0B3C /* AddView.swift */ = {isa = PBXFileReference; lastKnownFileType = sourcecode.swift; path = AddView.swift; sourceTree = "<group>"; };
		85E8BFF227B2BD3600BB0B3C /* DetailsView.swift */ = {isa = PBXFileReference; lastKnownFileType = sourcecode.swift; path = DetailsView.swift; sourceTree = "<group>"; };
		85E8BFF427B3B5A700BB0B3C /* Grocery.swift */ = {isa = PBXFileReference; lastKnownFileType = sourcecode.swift; path = Grocery.swift; sourceTree = "<group>"; };
		85E8BFF627B3D64F00BB0B3C /* ItemStore.swift */ = {isa = PBXFileReference; lastKnownFileType = sourcecode.swift; path = ItemStore.swift; sourceTree = "<group>"; };
		85E8C03127B5133300BB0B3C /* GroceryModel.xcdatamodel */ = {isa = PBXFileReference; lastKnownFileType = wrapper.xcdatamodel; path = GroceryModel.xcdatamodel; sourceTree = "<group>"; };
		85E8C03327B5138200BB0B3C /* Persistence.swift */ = {isa = PBXFileReference; lastKnownFileType = sourcecode.swift; path = Persistence.swift; sourceTree = "<group>"; };
/* End PBXFileReference section */

/* Begin PBXFrameworksBuildPhase section */
		85E8BFC027B27F6A00BB0B3C /* Frameworks */ = {
			isa = PBXFrameworksBuildPhase;
			buildActionMask = 2147483647;
			files = (
			);
			runOnlyForDeploymentPostprocessing = 0;
		};
		85E8BFD027B27F6D00BB0B3C /* Frameworks */ = {
			isa = PBXFrameworksBuildPhase;
			buildActionMask = 2147483647;
			files = (
			);
			runOnlyForDeploymentPostprocessing = 0;
		};
		85E8BFDA27B27F6D00BB0B3C /* Frameworks */ = {
			isa = PBXFrameworksBuildPhase;
			buildActionMask = 2147483647;
			files = (
			);
			runOnlyForDeploymentPostprocessing = 0;
		};
/* End PBXFrameworksBuildPhase section */

/* Begin PBXGroup section */
		85E8BFBA27B27F6A00BB0B3C = {
			isa = PBXGroup;
			children = (
				85E8BFC527B27F6A00BB0B3C /* MyGroceryList */,
				85E8BFD627B27F6D00BB0B3C /* MyGroceryListTests */,
				85E8BFE027B27F6D00BB0B3C /* MyGroceryListUITests */,
				85E8BFC427B27F6A00BB0B3C /* Products */,
			);
			sourceTree = "<group>";
		};
		85E8BFC427B27F6A00BB0B3C /* Products */ = {
			isa = PBXGroup;
			children = (
				85E8BFC327B27F6A00BB0B3C /* MyGroceryList.app */,
				85E8BFD327B27F6D00BB0B3C /* MyGroceryListTests.xctest */,
				85E8BFDD27B27F6D00BB0B3C /* MyGroceryListUITests.xctest */,
			);
			name = Products;
			sourceTree = "<group>";
		};
		85E8BFC527B27F6A00BB0B3C /* MyGroceryList */ = {
			isa = PBXGroup;
			children = (
				85E8BFF227B2BD3600BB0B3C /* DetailsView.swift */,
				85E8BFF027B28CFD00BB0B3C /* AddView.swift */,
				85E8BFC627B27F6A00BB0B3C /* MyGroceryListApp.swift */,
				85E8BFC827B27F6A00BB0B3C /* ContentView.swift */,
				85E8BFCA27B27F6D00BB0B3C /* Assets.xcassets */,
				85E8BFCC27B27F6D00BB0B3C /* Preview Content */,
				85E8BFF427B3B5A700BB0B3C /* Grocery.swift */,
				85E8BFF627B3D64F00BB0B3C /* ItemStore.swift */,
				85E8C03027B5133300BB0B3C /* GroceryModel.xcdatamodeld */,
				85E8C03327B5138200BB0B3C /* Persistence.swift */,
			);
			path = MyGroceryList;
			sourceTree = "<group>";
		};
		85E8BFCC27B27F6D00BB0B3C /* Preview Content */ = {
			isa = PBXGroup;
			children = (
				85E8BFCD27B27F6D00BB0B3C /* Preview Assets.xcassets */,
			);
			path = "Preview Content";
			sourceTree = "<group>";
		};
		85E8BFD627B27F6D00BB0B3C /* MyGroceryListTests */ = {
			isa = PBXGroup;
			children = (
				85E8BFD727B27F6D00BB0B3C /* MyGroceryListTests.swift */,
			);
			path = MyGroceryListTests;
			sourceTree = "<group>";
		};
		85E8BFE027B27F6D00BB0B3C /* MyGroceryListUITests */ = {
			isa = PBXGroup;
			children = (
				85E8BFE127B27F6D00BB0B3C /* MyGroceryListUITests.swift */,
				85E8BFE327B27F6D00BB0B3C /* MyGroceryListUITestsLaunchTests.swift */,
			);
			path = MyGroceryListUITests;
			sourceTree = "<group>";
		};
/* End PBXGroup section */

/* Begin PBXNativeTarget section */
		85E8BFC227B27F6A00BB0B3C /* MyGroceryList */ = {
			isa = PBXNativeTarget;
			buildConfigurationList = 85E8BFE727B27F6D00BB0B3C /* Build configuration list for PBXNativeTarget "MyGroceryList" */;
			buildPhases = (
				85E8BFBF27B27F6A00BB0B3C /* Sources */,
				85E8BFC027B27F6A00BB0B3C /* Frameworks */,
				85E8BFC127B27F6A00BB0B3C /* Resources */,
			);
			buildRules = (
			);
			dependencies = (
			);
			name = MyGroceryList;
			productName = MyGroceryList;
			productReference = 85E8BFC327B27F6A00BB0B3C /* MyGroceryList.app */;
			productType = "com.apple.product-type.application";
		};
		85E8BFD227B27F6D00BB0B3C /* MyGroceryListTests */ = {
			isa = PBXNativeTarget;
			buildConfigurationList = 85E8BFEA27B27F6D00BB0B3C /* Build configuration list for PBXNativeTarget "MyGroceryListTests" */;
			buildPhases = (
				85E8BFCF27B27F6D00BB0B3C /* Sources */,
				85E8BFD027B27F6D00BB0B3C /* Frameworks */,
				85E8BFD127B27F6D00BB0B3C /* Resources */,
			);
			buildRules = (
			);
			dependencies = (
				85E8BFD527B27F6D00BB0B3C /* PBXTargetDependency */,
			);
			name = MyGroceryListTests;
			productName = MyGroceryListTests;
			productReference = 85E8BFD327B27F6D00BB0B3C /* MyGroceryListTests.xctest */;
			productType = "com.apple.product-type.bundle.unit-test";
		};
		85E8BFDC27B27F6D00BB0B3C /* MyGroceryListUITests */ = {
			isa = PBXNativeTarget;
			buildConfigurationList = 85E8BFED27B27F6D00BB0B3C /* Build configuration list for PBXNativeTarget "MyGroceryListUITests" */;
			buildPhases = (
				85E8BFD927B27F6D00BB0B3C /* Sources */,
				85E8BFDA27B27F6D00BB0B3C /* Frameworks */,
				85E8BFDB27B27F6D00BB0B3C /* Resources */,
			);
			buildRules = (
			);
			dependencies = (
				85E8BFDF27B27F6D00BB0B3C /* PBXTargetDependency */,
			);
			name = MyGroceryListUITests;
			productName = MyGroceryListUITests;
			productReference = 85E8BFDD27B27F6D00BB0B3C /* MyGroceryListUITests.xctest */;
			productType = "com.apple.product-type.bundle.ui-testing";
		};
/* End PBXNativeTarget section */

/* Begin PBXProject section */
		85E8BFBB27B27F6A00BB0B3C /* Project object */ = {
			isa = PBXProject;
			attributes = {
				BuildIndependentTargetsInParallel = 1;
				LastSwiftUpdateCheck = 1320;
				LastUpgradeCheck = 1320;
				TargetAttributes = {
					85E8BFC227B27F6A00BB0B3C = {
						CreatedOnToolsVersion = 13.2.1;
					};
					85E8BFD227B27F6D00BB0B3C = {
						CreatedOnToolsVersion = 13.2.1;
						TestTargetID = 85E8BFC227B27F6A00BB0B3C;
					};
					85E8BFDC27B27F6D00BB0B3C = {
						CreatedOnToolsVersion = 13.2.1;
						TestTargetID = 85E8BFC227B27F6A00BB0B3C;
					};
				};
			};
			buildConfigurationList = 85E8BFBE27B27F6A00BB0B3C /* Build configuration list for PBXProject "MyGroceryList" */;
			compatibilityVersion = "Xcode 13.0";
			developmentRegion = en;
			hasScannedForEncodings = 0;
			knownRegions = (
				en,
				Base,
			);
			mainGroup = 85E8BFBA27B27F6A00BB0B3C;
			productRefGroup = 85E8BFC427B27F6A00BB0B3C /* Products */;
			projectDirPath = "";
			projectRoot = "";
			targets = (
				85E8BFC227B27F6A00BB0B3C /* MyGroceryList */,
				85E8BFD227B27F6D00BB0B3C /* MyGroceryListTests */,
				85E8BFDC27B27F6D00BB0B3C /* MyGroceryListUITests */,
			);
		};
/* End PBXProject section */

/* Begin PBXResourcesBuildPhase section */
		85E8BFC127B27F6A00BB0B3C /* Resources */ = {
			isa = PBXResourcesBuildPhase;
			buildActionMask = 2147483647;
			files = (
				85E8BFCE27B27F6D00BB0B3C /* Preview Assets.xcassets in Resources */,
				85E8BFCB27B27F6D00BB0B3C /* Assets.xcassets in Resources */,
			);
			runOnlyForDeploymentPostprocessing = 0;
		};
		85E8BFD127B27F6D00BB0B3C /* Resources */ = {
			isa = PBXResourcesBuildPhase;
			buildActionMask = 2147483647;
			files = (
			);
			runOnlyForDeploymentPostprocessing = 0;
		};
		85E8BFDB27B27F6D00BB0B3C /* Resources */ = {
			isa = PBXResourcesBuildPhase;
			buildActionMask = 2147483647;
			files = (
			);
			runOnlyForDeploymentPostprocessing = 0;
		};
/* End PBXResourcesBuildPhase section */

/* Begin PBXSourcesBuildPhase section */
		85E8BFBF27B27F6A00BB0B3C /* Sources */ = {
			isa = PBXSourcesBuildPhase;
			buildActionMask = 2147483647;
			files = (
				85E8BFC927B27F6A00BB0B3C /* ContentView.swift in Sources */,
				85E8C03427B5138200BB0B3C /* Persistence.swift in Sources */,
				85E8BFF327B2BD3600BB0B3C /* DetailsView.swift in Sources */,
				85E8BFC727B27F6A00BB0B3C /* MyGroceryListApp.swift in Sources */,
				85E8BFF127B28CFE00BB0B3C /* AddView.swift in Sources */,
				85E8BFF727B3D64F00BB0B3C /* ItemStore.swift in Sources */,
				85E8BFF527B3B5A700BB0B3C /* Grocery.swift in Sources */,
				85E8C03227B5133300BB0B3C /* GroceryModel.xcdatamodeld in Sources */,
			);
			runOnlyForDeploymentPostprocessing = 0;
		};
		85E8BFCF27B27F6D00BB0B3C /* Sources */ = {
			isa = PBXSourcesBuildPhase;
			buildActionMask = 2147483647;
			files = (
				85E8BFD827B27F6D00BB0B3C /* MyGroceryListTests.swift in Sources */,
			);
			runOnlyForDeploymentPostprocessing = 0;
		};
		85E8BFD927B27F6D00BB0B3C /* Sources */ = {
			isa = PBXSourcesBuildPhase;
			buildActionMask = 2147483647;
			files = (
				85E8BFE427B27F6D00BB0B3C /* MyGroceryListUITestsLaunchTests.swift in Sources */,
				85E8BFE227B27F6D00BB0B3C /* MyGroceryListUITests.swift in Sources */,
			);
			runOnlyForDeploymentPostprocessing = 0;
		};
/* End PBXSourcesBuildPhase section */

/* Begin PBXTargetDependency section */
		85E8BFD527B27F6D00BB0B3C /* PBXTargetDependency */ = {
			isa = PBXTargetDependency;
			target = 85E8BFC227B27F6A00BB0B3C /* MyGroceryList */;
			targetProxy = 85E8BFD427B27F6D00BB0B3C /* PBXContainerItemProxy */;
		};
		85E8BFDF27B27F6D00BB0B3C /* PBXTargetDependency */ = {
			isa = PBXTargetDependency;
			target = 85E8BFC227B27F6A00BB0B3C /* MyGroceryList */;
			targetProxy = 85E8BFDE27B27F6D00BB0B3C /* PBXContainerItemProxy */;
		};
/* End PBXTargetDependency section */

/* Begin XCBuildConfiguration section */
		85E8BFE527B27F6D00BB0B3C /* Debug */ = {
			isa = XCBuildConfiguration;
			buildSettings = {
				ALWAYS_SEARCH_USER_PATHS = NO;
				CLANG_ANALYZER_NONNULL = YES;
				CLANG_ANALYZER_NUMBER_OBJECT_CONVERSION = YES_AGGRESSIVE;
				CLANG_CXX_LANGUAGE_STANDARD = "gnu++17";
				CLANG_CXX_LIBRARY = "libc++";
				CLANG_ENABLE_MODULES = YES;
				CLANG_ENABLE_OBJC_ARC = YES;
				CLANG_ENABLE_OBJC_WEAK = YES;
				CLANG_WARN_BLOCK_CAPTURE_AUTORELEASING = YES;
				CLANG_WARN_BOOL_CONVERSION = YES;
				CLANG_WARN_COMMA = YES;
				CLANG_WARN_CONSTANT_CONVERSION = YES;
				CLANG_WARN_DEPRECATED_OBJC_IMPLEMENTATIONS = YES;
				CLANG_WARN_DIRECT_OBJC_ISA_USAGE = YES_ERROR;
				CLANG_WARN_DOCUMENTATION_COMMENTS = YES;
				CLANG_WARN_EMPTY_BODY = YES;
				CLANG_WARN_ENUM_CONVERSION = YES;
				CLANG_WARN_INFINITE_RECURSION = YES;
				CLANG_WARN_INT_CONVERSION = YES;
				CLANG_WARN_NON_LITERAL_NULL_CONVERSION = YES;
				CLANG_WARN_OBJC_IMPLICIT_RETAIN_SELF = YES;
				CLANG_WARN_OBJC_LITERAL_CONVERSION = YES;
				CLANG_WARN_OBJC_ROOT_CLASS = YES_ERROR;
				CLANG_WARN_QUOTED_INCLUDE_IN_FRAMEWORK_HEADER = YES;
				CLANG_WARN_RANGE_LOOP_ANALYSIS = YES;
				CLANG_WARN_STRICT_PROTOTYPES = YES;
				CLANG_WARN_SUSPICIOUS_MOVE = YES;
				CLANG_WARN_UNGUARDED_AVAILABILITY = YES_AGGRESSIVE;
				CLANG_WARN_UNREACHABLE_CODE = YES;
				CLANG_WARN__DUPLICATE_METHOD_MATCH = YES;
				COPY_PHASE_STRIP = NO;
				DEBUG_INFORMATION_FORMAT = dwarf;
				ENABLE_STRICT_OBJC_MSGSEND = YES;
				ENABLE_TESTABILITY = YES;
				GCC_C_LANGUAGE_STANDARD = gnu11;
				GCC_DYNAMIC_NO_PIC = NO;
				GCC_NO_COMMON_BLOCKS = YES;
				GCC_OPTIMIZATION_LEVEL = 0;
				GCC_PREPROCESSOR_DEFINITIONS = (
					"DEBUG=1",
					"$(inherited)",
				);
				GCC_WARN_64_TO_32_BIT_CONVERSION = YES;
				GCC_WARN_ABOUT_RETURN_TYPE = YES_ERROR;
				GCC_WARN_UNDECLARED_SELECTOR = YES;
				GCC_WARN_UNINITIALIZED_AUTOS = YES_AGGRESSIVE;
				GCC_WARN_UNUSED_FUNCTION = YES;
				GCC_WARN_UNUSED_VARIABLE = YES;
				IPHONEOS_DEPLOYMENT_TARGET = 15.2;
				MTL_ENABLE_DEBUG_INFO = INCLUDE_SOURCE;
				MTL_FAST_MATH = YES;
				ONLY_ACTIVE_ARCH = YES;
				SDKROOT = iphoneos;
				SWIFT_ACTIVE_COMPILATION_CONDITIONS = DEBUG;
				SWIFT_OPTIMIZATION_LEVEL = "-Onone";
			};
			name = Debug;
		};
		85E8BFE627B27F6D00BB0B3C /* Release */ = {
			isa = XCBuildConfiguration;
			buildSettings = {
				ALWAYS_SEARCH_USER_PATHS = NO;
				CLANG_ANALYZER_NONNULL = YES;
				CLANG_ANALYZER_NUMBER_OBJECT_CONVERSION = YES_AGGRESSIVE;
				CLANG_CXX_LANGUAGE_STANDARD = "gnu++17";
				CLANG_CXX_LIBRARY = "libc++";
				CLANG_ENABLE_MODULES = YES;
				CLANG_ENABLE_OBJC_ARC = YES;
				CLANG_ENABLE_OBJC_WEAK = YES;
				CLANG_WARN_BLOCK_CAPTURE_AUTORELEASING = YES;
				CLANG_WARN_BOOL_CONVERSION = YES;
				CLANG_WARN_COMMA = YES;
				CLANG_WARN_CONSTANT_CONVERSION = YES;
				CLANG_WARN_DEPRECATED_OBJC_IMPLEMENTATIONS = YES;
				CLANG_WARN_DIRECT_OBJC_ISA_USAGE = YES_ERROR;
				CLANG_WARN_DOCUMENTATION_COMMENTS = YES;
				CLANG_WARN_EMPTY_BODY = YES;
				CLANG_WARN_ENUM_CONVERSION = YES;
				CLANG_WARN_INFINITE_RECURSION = YES;
				CLANG_WARN_INT_CONVERSION = YES;
				CLANG_WARN_NON_LITERAL_NULL_CONVERSION = YES;
				CLANG_WARN_OBJC_IMPLICIT_RETAIN_SELF = YES;
				CLANG_WARN_OBJC_LITERAL_CONVERSION = YES;
				CLANG_WARN_OBJC_ROOT_CLASS = YES_ERROR;
				CLANG_WARN_QUOTED_INCLUDE_IN_FRAMEWORK_HEADER = YES;
				CLANG_WARN_RANGE_LOOP_ANALYSIS = YES;
				CLANG_WARN_STRICT_PROTOTYPES = YES;
				CLANG_WARN_SUSPICIOUS_MOVE = YES;
				CLANG_WARN_UNGUARDED_AVAILABILITY = YES_AGGRESSIVE;
				CLANG_WARN_UNREACHABLE_CODE = YES;
				CLANG_WARN__DUPLICATE_METHOD_MATCH = YES;
				COPY_PHASE_STRIP = NO;
				DEBUG_INFORMATION_FORMAT = "dwarf-with-dsym";
				ENABLE_NS_ASSERTIONS = NO;
				ENABLE_STRICT_OBJC_MSGSEND = YES;
				GCC_C_LANGUAGE_STANDARD = gnu11;
				GCC_NO_COMMON_BLOCKS = YES;
				GCC_WARN_64_TO_32_BIT_CONVERSION = YES;
				GCC_WARN_ABOUT_RETURN_TYPE = YES_ERROR;
				GCC_WARN_UNDECLARED_SELECTOR = YES;
				GCC_WARN_UNINITIALIZED_AUTOS = YES_AGGRESSIVE;
				GCC_WARN_UNUSED_FUNCTION = YES;
				GCC_WARN_UNUSED_VARIABLE = YES;
				IPHONEOS_DEPLOYMENT_TARGET = 15.2;
				MTL_ENABLE_DEBUG_INFO = NO;
				MTL_FAST_MATH = YES;
				SDKROOT = iphoneos;
				SWIFT_COMPILATION_MODE = wholemodule;
				SWIFT_OPTIMIZATION_LEVEL = "-O";
				VALIDATE_PRODUCT = YES;
			};
			name = Release;
		};
		85E8BFE827B27F6D00BB0B3C /* Debug */ = {
			isa = XCBuildConfiguration;
			buildSettings = {
				ASSETCATALOG_COMPILER_APPICON_NAME = AppIcon;
				ASSETCATALOG_COMPILER_GLOBAL_ACCENT_COLOR_NAME = AccentColor;
				CODE_SIGN_STYLE = Automatic;
				CURRENT_PROJECT_VERSION = 1;
				DEVELOPMENT_ASSET_PATHS = "\"MyGroceryList/Preview Content\"";
				DEVELOPMENT_TEAM = 537G6QJ4N5;
				ENABLE_PREVIEWS = YES;
				GENERATE_INFOPLIST_FILE = YES;
				INFOPLIST_KEY_UIApplicationSceneManifest_Generation = YES;
				INFOPLIST_KEY_UIApplicationSupportsIndirectInputEvents = YES;
				INFOPLIST_KEY_UILaunchScreen_Generation = YES;
				INFOPLIST_KEY_UISupportedInterfaceOrientations_iPad = "UIInterfaceOrientationPortrait UIInterfaceOrientationPortraitUpsideDown UIInterfaceOrientationLandscapeLeft UIInterfaceOrientationLandscapeRight";
				INFOPLIST_KEY_UISupportedInterfaceOrientations_iPhone = "UIInterfaceOrientationPortrait UIInterfaceOrientationLandscapeLeft UIInterfaceOrientationLandscapeRight";
				LD_RUNPATH_SEARCH_PATHS = (
					"$(inherited)",
					"@executable_path/Frameworks",
				);
				MARKETING_VERSION = 1.0;
				PRODUCT_BUNDLE_IDENTIFIER = it.unisa.applefoundationprogram.MyGroceryList;
				PRODUCT_NAME = "$(TARGET_NAME)";
				SWIFT_EMIT_LOC_STRINGS = YES;
				SWIFT_VERSION = 5.0;
				TARGETED_DEVICE_FAMILY = "1,2";
			};
			name = Debug;
		};
		85E8BFE927B27F6D00BB0B3C /* Release */ = {
			isa = XCBuildConfiguration;
			buildSettings = {
				ASSETCATALOG_COMPILER_APPICON_NAME = AppIcon;
				ASSETCATALOG_COMPILER_GLOBAL_ACCENT_COLOR_NAME = AccentColor;
				CODE_SIGN_STYLE = Automatic;
				CURRENT_PROJECT_VERSION = 1;
				DEVELOPMENT_ASSET_PATHS = "\"MyGroceryList/Preview Content\"";
				DEVELOPMENT_TEAM = 537G6QJ4N5;
				ENABLE_PREVIEWS = YES;
				GENERATE_INFOPLIST_FILE = YES;
				INFOPLIST_KEY_UIApplicationSceneManifest_Generation = YES;
				INFOPLIST_KEY_UIApplicationSupportsIndirectInputEvents = YES;
				INFOPLIST_KEY_UILaunchScreen_Generation = YES;
				INFOPLIST_KEY_UISupportedInterfaceOrientations_iPad = "UIInterfaceOrientationPortrait UIInterfaceOrientationPortraitUpsideDown UIInterfaceOrientationLandscapeLeft UIInterfaceOrientationLandscapeRight";
				INFOPLIST_KEY_UISupportedInterfaceOrientations_iPhone = "UIInterfaceOrientationPortrait UIInterfaceOrientationLandscapeLeft UIInterfaceOrientationLandscapeRight";
				LD_RUNPATH_SEARCH_PATHS = (
					"$(inherited)",
					"@executable_path/Frameworks",
				);
				MARKETING_VERSION = 1.0;
				PRODUCT_BUNDLE_IDENTIFIER = it.unisa.applefoundationprogram.MyGroceryList;
				PRODUCT_NAME = "$(TARGET_NAME)";
				SWIFT_EMIT_LOC_STRINGS = YES;
				SWIFT_VERSION = 5.0;
				TARGETED_DEVICE_FAMILY = "1,2";
			};
			name = Release;
		};
		85E8BFEB27B27F6D00BB0B3C /* Debug */ = {
			isa = XCBuildConfiguration;
			buildSettings = {
				ALWAYS_EMBED_SWIFT_STANDARD_LIBRARIES = YES;
				BUNDLE_LOADER = "$(TEST_HOST)";
				CODE_SIGN_STYLE = Automatic;
				CURRENT_PROJECT_VERSION = 1;
				DEVELOPMENT_TEAM = 537G6QJ4N5;
				GENERATE_INFOPLIST_FILE = YES;
				IPHONEOS_DEPLOYMENT_TARGET = 15.2;
				MARKETING_VERSION = 1.0;
				PRODUCT_BUNDLE_IDENTIFIER = it.unisa.applefoundationprogram.MyGroceryListTests;
				PRODUCT_NAME = "$(TARGET_NAME)";
				SWIFT_EMIT_LOC_STRINGS = NO;
				SWIFT_VERSION = 5.0;
				TARGETED_DEVICE_FAMILY = "1,2";
				TEST_HOST = "$(BUILT_PRODUCTS_DIR)/MyGroceryList.app/MyGroceryList";
			};
			name = Debug;
		};
		85E8BFEC27B27F6D00BB0B3C /* Release */ = {
			isa = XCBuildConfiguration;
			buildSettings = {
				ALWAYS_EMBED_SWIFT_STANDARD_LIBRARIES = YES;
				BUNDLE_LOADER = "$(TEST_HOST)";
				CODE_SIGN_STYLE = Automatic;
				CURRENT_PROJECT_VERSION = 1;
				DEVELOPMENT_TEAM = 537G6QJ4N5;
				GENERATE_INFOPLIST_FILE = YES;
				IPHONEOS_DEPLOYMENT_TARGET = 15.2;
				MARKETING_VERSION = 1.0;
				PRODUCT_BUNDLE_IDENTIFIER = it.unisa.applefoundationprogram.MyGroceryListTests;
				PRODUCT_NAME = "$(TARGET_NAME)";
				SWIFT_EMIT_LOC_STRINGS = NO;
				SWIFT_VERSION = 5.0;
				TARGETED_DEVICE_FAMILY = "1,2";
				TEST_HOST = "$(BUILT_PRODUCTS_DIR)/MyGroceryList.app/MyGroceryList";
			};
			name = Release;
		};
		85E8BFEE27B27F6D00BB0B3C /* Debug */ = {
			isa = XCBuildConfiguration;
			buildSettings = {
				ALWAYS_EMBED_SWIFT_STANDARD_LIBRARIES = YES;
				CODE_SIGN_STYLE = Automatic;
				CURRENT_PROJECT_VERSION = 1;
				DEVELOPMENT_TEAM = 537G6QJ4N5;
				GENERATE_INFOPLIST_FILE = YES;
				MARKETING_VERSION = 1.0;
				PRODUCT_BUNDLE_IDENTIFIER = it.unisa.applefoundationprogram.MyGroceryListUITests;
				PRODUCT_NAME = "$(TARGET_NAME)";
				SWIFT_EMIT_LOC_STRINGS = NO;
				SWIFT_VERSION = 5.0;
				TARGETED_DEVICE_FAMILY = "1,2";
				TEST_TARGET_NAME = MyGroceryList;
			};
			name = Debug;
		};
		85E8BFEF27B27F6D00BB0B3C /* Release */ = {
			isa = XCBuildConfiguration;
			buildSettings = {
				ALWAYS_EMBED_SWIFT_STANDARD_LIBRARIES = YES;
				CODE_SIGN_STYLE = Automatic;
				CURRENT_PROJECT_VERSION = 1;
				DEVELOPMENT_TEAM = 537G6QJ4N5;
				GENERATE_INFOPLIST_FILE = YES;
				MARKETING_VERSION = 1.0;
				PRODUCT_BUNDLE_IDENTIFIER = it.unisa.applefoundationprogram.MyGroceryListUITests;
				PRODUCT_NAME = "$(TARGET_NAME)";
				SWIFT_EMIT_LOC_STRINGS = NO;
				SWIFT_VERSION = 5.0;
				TARGETED_DEVICE_FAMILY = "1,2";
				TEST_TARGET_NAME = MyGroceryList;
			};
			name = Release;
		};
/* End XCBuildConfiguration section */

/* Begin XCConfigurationList section */
		85E8BFBE27B27F6A00BB0B3C /* Build configuration list for PBXProject "MyGroceryList" */ = {
			isa = XCConfigurationList;
			buildConfigurations = (
				85E8BFE527B27F6D00BB0B3C /* Debug */,
				85E8BFE627B27F6D00BB0B3C /* Release */,
			);
			defaultConfigurationIsVisible = 0;
			defaultConfigurationName = Release;
		};
		85E8BFE727B27F6D00BB0B3C /* Build configuration list for PBXNativeTarget "MyGroceryList" */ = {
			isa = XCConfigurationList;
			buildConfigurations = (
				85E8BFE827B27F6D00BB0B3C /* Debug */,
				85E8BFE927B27F6D00BB0B3C /* Release */,
			);
			defaultConfigurationIsVisible = 0;
			defaultConfigurationName = Release;
		};
		85E8BFEA27B27F6D00BB0B3C /* Build configuration list for PBXNativeTarget "MyGroceryListTests" */ = {
			isa = XCConfigurationList;
			buildConfigurations = (
				85E8BFEB27B27F6D00BB0B3C /* Debug */,
				85E8BFEC27B27F6D00BB0B3C /* Release */,
			);
			defaultConfigurationIsVisible = 0;
			defaultConfigurationName = Release;
		};
		85E8BFED27B27F6D00BB0B3C /* Build configuration list for PBXNativeTarget "MyGroceryListUITests" */ = {
			isa = XCConfigurationList;
			buildConfigurations = (
				85E8BFEE27B27F6D00BB0B3C /* Debug */,
				85E8BFEF27B27F6D00BB0B3C /* Release */,
			);
			defaultConfigurationIsVisible = 0;
			defaultConfigurationName = Release;
		};
/* End XCConfigurationList section */

/* Begin XCVersionGroup section */
		85E8C03027B5133300BB0B3C /* GroceryModel.xcdatamodeld */ = {
			isa = XCVersionGroup;
			children = (
				85E8C03127B5133300BB0B3C /* GroceryModel.xcdatamodel */,
			);
			currentVersion = 85E8C03127B5133300BB0B3C /* GroceryModel.xcdatamodel */;
			path = GroceryModel.xcdatamodeld;
			sourceTree = "<group>";
			versionGroupType = wrapper.xcdatamodel;
		};
/* End XCVersionGroup section */
	};
	rootObject = 85E8BFBB27B27F6A00BB0B3C /* Project object */;
}
